
Microsoft Visual Studio Solution File, Format Version 12.00
# Visual Studio Version 16
VisualStudioVersion = 16.0.30523.141
MinimumVisualStudioVersion = 10.0.40219.1
Project("{FAE04EC0-301F-11D3-BF4B-00C04F79EFBC}") = "Bilirkisilik_Uygulamasi", "Bilirkisilik_Uygulamasi\Bilirkisilik_Uygulamasi.csproj", "{558971EA-3B35-4283-A9FD-3A1BB35078D8}"
EndProject
Global
	GlobalSection(SolutionConfigurationPlatforms) = preSolution
		Debug|Any CPU = Debug|Any CPU
		Release|Any CPU = Release|Any CPU
	EndGlobalSection
	GlobalSection(ProjectConfigurationPlatforms) = postSolution
		{558971EA-3B35-4283-A9FD-3A1BB35078D8}.Debug|Any CPU.ActiveCfg = Debug|Any CPU
		{558971EA-3B35-4283-A9FD-3A1BB35078D8}.Debug|Any CPU.Build.0 = Debug|Any CPU
		{558971EA-3B35-4283-A9FD-3A1BB35078D8}.Release|Any CPU.ActiveCfg = Release|Any CPU
		{558971EA-3B35-4283-A9FD-3A1BB35078D8}.Release|Any CPU.Build.0 = Release|Any CPU
	EndGlobalSection
	GlobalSection(SolutionProperties) = preSolution
		HideSolutionNode = FALSE
	EndGlobalSection
	GlobalSection(ExtensibilityGlobals) = postSolution
		SolutionGuid = {800DF8A4-2D8A-4E50-A0C7-F799F55D5C41}
	EndGlobalSection
EndGlobal
